# THIS IS AN AUTOGENERATED FILE. DO NOT EDIT THIS FILE DIRECTLY.
# yarn lockfile v1


"@calcit/procs@^0.2.62":
  version "0.2.62"
  resolved "https://registry.yarnpkg.com/@calcit/procs/-/procs-0.2.62.tgz#ef92a8d5471f2bfa1edf4d3417a39ff2afd49f56"
  integrity sha512-HGYwT5gyq4xV8TKnvP11MPxK0Fa3zB0rcFtQiCljZduENJzZI1jLW8KmIRpabotfJB1D+pVHg1oB92zd+Wc8cw==
  dependencies:
    "@calcit/ternary-tree" "0.0.9"
    "@cirru/parser.ts" "^0.0.1"

"@calcit/ternary-tree@0.0.9":
  version "0.0.9"
  resolved "https://registry.yarnpkg.com/@calcit/ternary-tree/-/ternary-tree-0.0.9.tgz#8a1d5d4c18f541a541b4dad857e300537ae4f3ef"
  integrity sha512-6p6QiN02WnNlr8p12ZESDwo1nbZlLiGHjcthBt/FqvZDCBIokPNq+pHBdpQP6/iwd+7w38xhzP9j5w/4Ppahlg==

"@cirru/parser.ts@^0.0.1":
  version "0.0.1"
  resolved "https://registry.yarnpkg.com/@cirru/parser.ts/-/parser.ts-0.0.1.tgz#0870b051bd9f56626759ec22d7a0d5c51b19fe9c"
  integrity sha512-FlUWZ2VqIUK/5cG926CVw9fQ7IGQzRDz8NL2Zc1lK2NyvOltAyZEDxxj/ztWjGOOnetVtM5mDx8rsbsr/SLYhg==

colorette@^1.2.1:
  version "1.2.1"
  resolved "https://registry.yarnpkg.com/colorette/-/colorette-1.2.1.tgz#4d0b921325c14faf92633086a536db6e89564b1b"
  integrity sha512-puCDz0CzydiSYOrnXpz/PKd69zRrribezjtE9yd4zvytoRc8+RY/KJPvtPFKZS3E3wP6neGyMe0vOTlHO5L3Pw==

esbuild@^0.8.34:
  version "0.8.46"
  resolved "https://registry.yarnpkg.com/esbuild/-/esbuild-0.8.46.tgz#8fc7230ce3019b12e2553399f0c03875a729c26b"
  integrity sha512-xck9sXNCNmjDHCCfxTCyhKTiFuEBweh+IDAhMLOJI990v1Fzii6MyIkT1LbkvjgoVgPX2SK1kpi5eZVGNrl8yg==

fsevents@~2.3.1:
  version "2.3.2"
  resolved "https://registry.yarnpkg.com/fsevents/-/fsevents-2.3.2.tgz#8a526f78b8fdf4623b709e0b975c52c24c02fd1a"
  integrity sha512-xiqMQR4xAeHTuB9uWm+fFRcIOgKBMiOBP+eXiyT7jsgVCq1bkVygt00oASowB7EdtpOHaaPgKt812P9ab+DDKA==

function-bind@^1.1.1:
  version "1.1.1"
  resolved "https://registry.yarnpkg.com/function-bind/-/function-bind-1.1.1.tgz#a56899d3ea3c9bab874bb9773b7c5ede92f4895d"
  integrity sha512-yIovAzMX49sF8Yl58fSCWJ5svSLuaibPxXQJFLmBObTuCr0Mf1KiPopGM9NiFjiYBCbfaa2Fh6breQ6ANVTI0A==

has@^1.0.3:
  version "1.0.3"
  resolved "https://registry.yarnpkg.com/has/-/has-1.0.3.tgz#722d7cbfc1f6aa8241f16dd814e011e1f41e8796"
  integrity sha512-f2dvO0VU6Oej7RkWJGrehjbzMAjFp5/VKPp5tTpWIV4JHHZK1/BxbFRtf/siA2SWTe09caDmVtYYzWEIbBS4zw==
  dependencies:
    function-bind "^1.1.1"

is-core-module@^2.2.0:
  version "2.2.0"
  resolved "https://registry.yarnpkg.com/is-core-module/-/is-core-module-2.2.0.tgz#97037ef3d52224d85163f5597b2b63d9afed981a"
  integrity sha512-XRAfAdyyY5F5cOXn7hYQDqh2Xmii+DEfIcQGxK/uNwMHhIkPWO0g8msXcbzLe+MpGoR951MlqM/2iIlU4vKDdQ==
  dependencies:
    has "^1.0.3"

nanoid@^3.1.20:
  version "3.1.20"
  resolved "https://registry.yarnpkg.com/nanoid/-/nanoid-3.1.20.tgz#badc263c6b1dcf14b71efaa85f6ab4c1d6cfc788"
  integrity sha512-a1cQNyczgKbLX9jwbS/+d7W8fX/RfgYR7lVWwWOGIPNgK2m0MWvrGF6/m4kk6U3QcFMnZf3RIhL0v2Jgh/0Uxw==

path-parse@^1.0.6:
  version "1.0.6"
  resolved "https://registry.yarnpkg.com/path-parse/-/path-parse-1.0.6.tgz#d62dbb5679405d72c4737ec58600e9ddcf06d24c"
  integrity sha512-GSmOT2EbHrINBf9SR7CDELwlJ8AENk3Qn7OikK4nFYAu3Ote2+JYNVvkpAEQm3/TLNEJFD/xZJjzyxg3KBWOzw==

postcss@^8.2.1:
  version "8.2.6"
  resolved "https://registry.yarnpkg.com/postcss/-/postcss-8.2.6.tgz#5d69a974543b45f87e464bc4c3e392a97d6be9fe"
  integrity sha512-xpB8qYxgPuly166AGlpRjUdEYtmOWx2iCwGmrv4vqZL9YPVviDVPZPRXxnXr6xPZOdxQ9lp3ZBFCRgWJ7LE3Sg==
  dependencies:
    colorette "^1.2.1"
    nanoid "^3.1.20"
    source-map "^0.6.1"

resolve@^1.19.0:
  version "1.20.0"
  resolved "https://registry.yarnpkg.com/resolve/-/resolve-1.20.0.tgz#629a013fb3f70755d6f0b7935cc1c2c5378b1975"
  integrity sha512-wENBPt4ySzg4ybFQW2TT1zMQucPK95HSh/nq2CFTZVOGut2+pQvSsgtda4d26YrYcr067wjbmzOG8byDPBX63A==
  dependencies:
    is-core-module "^2.2.0"
    path-parse "^1.0.6"

rollup@^2.38.5:
  version "2.39.0"
  resolved "https://registry.yarnpkg.com/rollup/-/rollup-2.39.0.tgz#be4f98c9e421793a8fec82c854fb567c35e22ab6"
  integrity sha512-+WR3bttcq7zE+BntH09UxaW3bQo3vItuYeLsyk4dL2tuwbeSKJuvwiawyhEnvRdRgrII0Uzk00FpctHO/zB1kw==
  optionalDependencies:
    fsevents "~2.3.1"

source-map@^0.6.1:
  version "0.6.1"
  resolved "https://registry.yarnpkg.com/source-map/-/source-map-0.6.1.tgz#74722af32e9614e9c287a8d0bbde48b5e2f1a263"
  integrity sha512-UjgapumWlbMhkBgzT7Ykc5YXUT46F0iKu8SGXq0bcwP5dz/h0Plj6enJqjz1Zbq2l5WaqYnrVbwWOWMyF3F47g==

vite@^2.0.0:
  version "2.0.0"
  resolved "https://registry.yarnpkg.com/vite/-/vite-2.0.0.tgz#156f35eadaa7947629aa8a24eb23129b07116ee3"
  integrity sha512-rNli5g0DaQ6+btlRqkmaR06neWaJGApmt40gocqrYDNi2XoEXYQgKiHSWzMeUgc1Cdva2HduqazaE+RaKjBpdQ==
  dependencies:
    esbuild "^0.8.34"
    postcss "^8.2.1"
    resolve "^1.19.0"
    rollup "^2.38.5"
  optionalDependencies:
    fsevents "~2.3.1"
